PODS:
  - Auth0 (1.14.1):
    - SimpleKeychain
  - SimpleKeychain (0.8.1)

DEPENDENCIES:
  - Auth0 (~> 1.13)

SPEC REPOS:
  https://github.com/cocoapods/specs.git:
    - Auth0
    - SimpleKeychain

SPEC CHECKSUMS:
  Auth0: 064dc115cd99eec7334d1cab565f4d974eecac4d
  SimpleKeychain: e2485c28d82fcece35e9e41faeac42ebfe614815

PODFILE CHECKSUM: bcfaa1c1d5e9e1d21d6bd73938be730a3606f0e2

COCOAPODS: 1.5.3
