// !$*UTF8*$!
{
	archiveVersion = 1;
	classes = {
	};
	objectVersion = 50;
	objects = {

/* Begin PBXBuildFile section */
		31875CC3221E4DA1009C3E3C /* rollcall.xcdatamodeld in Sources */ = {isa = PBXBuildFile; fileRef = 31875CC1221E4DA1009C3E3C /* rollcall.xcdatamodeld */; };
		31875CC5221F38EA009C3E3C /* APIHelper.swift in Sources */ = {isa = PBXBuildFile; fileRef = 31875CC4221F38EA009C3E3C /* APIHelper.swift */; };
		31BE12282200CBC200666475 /* HomeViewController.swift in Sources */ = {isa = PBXBuildFile; fileRef = 31BE12272200CBC200666475 /* HomeViewController.swift */; };
		31BE122B2202040E00666475 /* RegisterViewController.swift in Sources */ = {isa = PBXBuildFile; fileRef = 31BE122A2202040E00666475 /* RegisterViewController.swift */; };
		31D1614721F8D20B00DE7A5E /* AppDelegate.swift in Sources */ = {isa = PBXBuildFile; fileRef = 31D1614621F8D20B00DE7A5E /* AppDelegate.swift */; };
		31D1614921F8D20B00DE7A5E /* ViewController.swift in Sources */ = {isa = PBXBuildFile; fileRef = 31D1614821F8D20B00DE7A5E /* ViewController.swift */; };
		31D1614C21F8D20B00DE7A5E /* Main.storyboard in Resources */ = {isa = PBXBuildFile; fileRef = 31D1614A21F8D20B00DE7A5E /* Main.storyboard */; };
		31D1614E21F8D21100DE7A5E /* Assets.xcassets in Resources */ = {isa = PBXBuildFile; fileRef = 31D1614D21F8D21100DE7A5E /* Assets.xcassets */; };
		31D1615121F8D21100DE7A5E /* LaunchScreen.storyboard in Resources */ = {isa = PBXBuildFile; fileRef = 31D1614F21F8D21100DE7A5E /* LaunchScreen.storyboard */; };
		31D1615921F8D5C600DE7A5E /* Auth0.plist in Resources */ = {isa = PBXBuildFile; fileRef = 31D1615821F8D5C600DE7A5E /* Auth0.plist */; };
		31D1615B21F8D99700DE7A5E /* Auth0.framework in Frameworks */ = {isa = PBXBuildFile; fileRef = 31D1615A21F8D99700DE7A5E /* Auth0.framework */; settings = {ATTRIBUTES = (Required, ); }; };
		F4CEE03913BB4D88975005D6 /* Pods_rollcall.framework in Frameworks */ = {isa = PBXBuildFile; fileRef = 6F1E95B80E248B79118FF2C0 /* Pods_rollcall.framework */; };
/* End PBXBuildFile section */

/* Begin PBXFileReference section */
		1F948D982CB1A9D55706D56C /* Pods-rollcall.debug.xcconfig */ = {isa = PBXFileReference; includeInIndex = 1; lastKnownFileType = text.xcconfig; name = "Pods-rollcall.debug.xcconfig"; path = "Pods/Target Support Files/Pods-rollcall/Pods-rollcall.debug.xcconfig"; sourceTree = "<group>"; };
		31875CC2221E4DA1009C3E3C /* rollcall.xcdatamodel */ = {isa = PBXFileReference; lastKnownFileType = wrapper.xcdatamodel; path = rollcall.xcdatamodel; sourceTree = "<group>"; };
		31875CC4221F38EA009C3E3C /* APIHelper.swift */ = {isa = PBXFileReference; lastKnownFileType = sourcecode.swift; path = APIHelper.swift; sourceTree = "<group>"; };
		31BE12272200CBC200666475 /* HomeViewController.swift */ = {isa = PBXFileReference; lastKnownFileType = sourcecode.swift; path = HomeViewController.swift; sourceTree = "<group>"; };
		31BE122A2202040E00666475 /* RegisterViewController.swift */ = {isa = PBXFileReference; lastKnownFileType = sourcecode.swift; path = RegisterViewController.swift; sourceTree = "<group>"; };
		31D1614321F8D20B00DE7A5E /* rollcall.app */ = {isa = PBXFileReference; explicitFileType = wrapper.application; includeInIndex = 0; path = rollcall.app; sourceTree = BUILT_PRODUCTS_DIR; };
		31D1614621F8D20B00DE7A5E /* AppDelegate.swift */ = {isa = PBXFileReference; lastKnownFileType = sourcecode.swift; path = AppDelegate.swift; sourceTree = "<group>"; };
		31D1614821F8D20B00DE7A5E /* ViewController.swift */ = {isa = PBXFileReference; lastKnownFileType = sourcecode.swift; path = ViewController.swift; sourceTree = "<group>"; };
		31D1614B21F8D20B00DE7A5E /* Base */ = {isa = PBXFileReference; lastKnownFileType = file.storyboard; name = Base; path = Base.lproj/Main.storyboard; sourceTree = "<group>"; };
		31D1614D21F8D21100DE7A5E /* Assets.xcassets */ = {isa = PBXFileReference; lastKnownFileType = folder.assetcatalog; path = Assets.xcassets; sourceTree = "<group>"; };
		31D1615021F8D21100DE7A5E /* Base */ = {isa = PBXFileReference; lastKnownFileType = file.storyboard; name = Base; path = Base.lproj/LaunchScreen.storyboard; sourceTree = "<group>"; };
		31D1615221F8D21100DE7A5E /* Info.plist */ = {isa = PBXFileReference; lastKnownFileType = text.plist.xml; path = Info.plist; sourceTree = "<group>"; };
		31D1615821F8D5C600DE7A5E /* Auth0.plist */ = {isa = PBXFileReference; lastKnownFileType = text.plist.xml; path = Auth0.plist; sourceTree = "<group>"; };
		31D1615A21F8D99700DE7A5E /* Auth0.framework */ = {isa = PBXFileReference; explicitFileType = wrapper.framework; path = Auth0.framework; sourceTree = BUILT_PRODUCTS_DIR; };
		4917793ADFA2BF55164FC1A2 /* Pods-rollcall.release.xcconfig */ = {isa = PBXFileReference; includeInIndex = 1; lastKnownFileType = text.xcconfig; name = "Pods-rollcall.release.xcconfig"; path = "Pods/Target Support Files/Pods-rollcall/Pods-rollcall.release.xcconfig"; sourceTree = "<group>"; };
		6F1E95B80E248B79118FF2C0 /* Pods_rollcall.framework */ = {isa = PBXFileReference; explicitFileType = wrapper.framework; includeInIndex = 0; path = Pods_rollcall.framework; sourceTree = BUILT_PRODUCTS_DIR; };
/* End PBXFileReference section */

/* Begin PBXFrameworksBuildPhase section */
		31D1614021F8D20B00DE7A5E /* Frameworks */ = {
			isa = PBXFrameworksBuildPhase;
			buildActionMask = 2147483647;
			files = (
				31D1615B21F8D99700DE7A5E /* Auth0.framework in Frameworks */,
				F4CEE03913BB4D88975005D6 /* Pods_rollcall.framework in Frameworks */,
			);
			runOnlyForDeploymentPostprocessing = 0;
		};
/* End PBXFrameworksBuildPhase section */

/* Begin PBXGroup section */
		31BE122C220211E400666475 /* Controllers */ = {
			isa = PBXGroup;
			children = (
				31BE12272200CBC200666475 /* HomeViewController.swift */,
				31BE122A2202040E00666475 /* RegisterViewController.swift */,
				31D1614821F8D20B00DE7A5E /* ViewController.swift */,
			);
			path = Controllers;
			sourceTree = "<group>";
		};
		31D1613A21F8D20B00DE7A5E = {
			isa = PBXGroup;
			children = (
				31D1614521F8D20B00DE7A5E /* rollcall */,
				31D1614421F8D20B00DE7A5E /* Products */,
				7790D8B9790CF661005CF7FA /* Pods */,
				DE5B749CC2AA91077412BB63 /* Frameworks */,
			);
			sourceTree = "<group>";
		};
		31D1614421F8D20B00DE7A5E /* Products */ = {
			isa = PBXGroup;
			children = (
				31D1614321F8D20B00DE7A5E /* rollcall.app */,
			);
			name = Products;
			sourceTree = "<group>";
		};
		31D1614521F8D20B00DE7A5E /* rollcall */ = {
			isa = PBXGroup;
			children = (
				31875CC1221E4DA1009C3E3C /* rollcall.xcdatamodeld */,
				31BE122C220211E400666475 /* Controllers */,
				31D1614621F8D20B00DE7A5E /* AppDelegate.swift */,
				31D1614A21F8D20B00DE7A5E /* Main.storyboard */,
				31D1614D21F8D21100DE7A5E /* Assets.xcassets */,
				31D1614F21F8D21100DE7A5E /* LaunchScreen.storyboard */,
				31875CC4221F38EA009C3E3C /* APIHelper.swift */,
				31D1615221F8D21100DE7A5E /* Info.plist */,
				31D1615821F8D5C600DE7A5E /* Auth0.plist */,
			);
			path = rollcall;
			sourceTree = "<group>";
		};
		7790D8B9790CF661005CF7FA /* Pods */ = {
			isa = PBXGroup;
			children = (
				1F948D982CB1A9D55706D56C /* Pods-rollcall.debug.xcconfig */,
				4917793ADFA2BF55164FC1A2 /* Pods-rollcall.release.xcconfig */,
			);
			name = Pods;
			sourceTree = "<group>";
		};
		DE5B749CC2AA91077412BB63 /* Frameworks */ = {
			isa = PBXGroup;
			children = (
				31D1615A21F8D99700DE7A5E /* Auth0.framework */,
				6F1E95B80E248B79118FF2C0 /* Pods_rollcall.framework */,
			);
			name = Frameworks;
			sourceTree = "<group>";
		};
/* End PBXGroup section */

/* Begin PBXNativeTarget section */
		31D1614221F8D20B00DE7A5E /* rollcall */ = {
			isa = PBXNativeTarget;
			buildConfigurationList = 31D1615521F8D21100DE7A5E /* Build configuration list for PBXNativeTarget "rollcall" */;
			buildPhases = (
				E24555A7FB90BAC23C08EA28 /* [CP] Check Pods Manifest.lock */,
				31D1613F21F8D20B00DE7A5E /* Sources */,
				31D1614021F8D20B00DE7A5E /* Frameworks */,
				31D1614121F8D20B00DE7A5E /* Resources */,
				212966902B595D9D20A85DF9 /* [CP] Embed Pods Frameworks */,
			);
			buildRules = (
			);
			dependencies = (
			);
			name = rollcall;
			productName = rollcall;
			productReference = 31D1614321F8D20B00DE7A5E /* rollcall.app */;
			productType = "com.apple.product-type.application";
		};
/* End PBXNativeTarget section */

/* Begin PBXProject section */
		31D1613B21F8D20B00DE7A5E /* Project object */ = {
			isa = PBXProject;
			attributes = {
				LastSwiftUpdateCheck = 1010;
				LastUpgradeCheck = 1010;
				ORGANIZATIONNAME = "Samantha Eboli";
				TargetAttributes = {
					31D1614221F8D20B00DE7A5E = {
						CreatedOnToolsVersion = 10.1;
					};
				};
			};
			buildConfigurationList = 31D1613E21F8D20B00DE7A5E /* Build configuration list for PBXProject "rollcall" */;
			compatibilityVersion = "Xcode 9.3";
			developmentRegion = en;
			hasScannedForEncodings = 0;
			knownRegions = (
				en,
				Base,
			);
			mainGroup = 31D1613A21F8D20B00DE7A5E;
			productRefGroup = 31D1614421F8D20B00DE7A5E /* Products */;
			projectDirPath = "";
			projectRoot = "";
			targets = (
				31D1614221F8D20B00DE7A5E /* rollcall */,
			);
		};
/* End PBXProject section */

/* Begin PBXResourcesBuildPhase section */
		31D1614121F8D20B00DE7A5E /* Resources */ = {
			isa = PBXResourcesBuildPhase;
			buildActionMask = 2147483647;
			files = (
				31D1615121F8D21100DE7A5E /* LaunchScreen.storyboard in Resources */,
				31D1614E21F8D21100DE7A5E /* Assets.xcassets in Resources */,
				31D1614C21F8D20B00DE7A5E /* Main.storyboard in Resources */,
				31D1615921F8D5C600DE7A5E /* Auth0.plist in Resources */,
			);
			runOnlyForDeploymentPostprocessing = 0;
		};
/* End PBXResourcesBuildPhase section */

/* Begin PBXShellScriptBuildPhase section */
		212966902B595D9D20A85DF9 /* [CP] Embed Pods Frameworks */ = {
			isa = PBXShellScriptBuildPhase;
			buildActionMask = 2147483647;
			files = (
			);
			inputFileListPaths = (
			);
			inputPaths = (
				"${SRCROOT}/Pods/Target Support Files/Pods-rollcall/Pods-rollcall-frameworks.sh",
				"${BUILT_PRODUCTS_DIR}/Alamofire/Alamofire.framework",
				"${BUILT_PRODUCTS_DIR}/Auth0/Auth0.framework",
				"${BUILT_PRODUCTS_DIR}/SimpleKeychain/SimpleKeychain.framework",
			);
			name = "[CP] Embed Pods Frameworks";
			outputFileListPaths = (
			);
			outputPaths = (
				"${TARGET_BUILD_DIR}/${FRAMEWORKS_FOLDER_PATH}/Alamofire.framework",
				"${TARGET_BUILD_DIR}/${FRAMEWORKS_FOLDER_PATH}/Auth0.framework",
				"${TARGET_BUILD_DIR}/${FRAMEWORKS_FOLDER_PATH}/SimpleKeychain.framework",
			);
			runOnlyForDeploymentPostprocessing = 0;
			shellPath = /bin/sh;
			shellScript = "\"${SRCROOT}/Pods/Target Support Files/Pods-rollcall/Pods-rollcall-frameworks.sh\"\n";
			showEnvVarsInLog = 0;
		};
		E24555A7FB90BAC23C08EA28 /* [CP] Check Pods Manifest.lock */ = {
			isa = PBXShellScriptBuildPhase;
			buildActionMask = 2147483647;
			files = (
			);
			inputFileListPaths = (
			);
			inputPaths = (
				"${PODS_PODFILE_DIR_PATH}/Podfile.lock",
				"${PODS_ROOT}/Manifest.lock",
			);
			name = "[CP] Check Pods Manifest.lock";
			outputFileListPaths = (
			);
			outputPaths = (
				"$(DERIVED_FILE_DIR)/Pods-rollcall-checkManifestLockResult.txt",
			);
			runOnlyForDeploymentPostprocessing = 0;
			shellPath = /bin/sh;
			shellScript = "diff \"${PODS_PODFILE_DIR_PATH}/Podfile.lock\" \"${PODS_ROOT}/Manifest.lock\" > /dev/null\nif [ $? != 0 ] ; then\n    # print error to STDERR\n    echo \"error: The sandbox is not in sync with the Podfile.lock. Run 'pod install' or update your CocoaPods installation.\" >&2\n    exit 1\nfi\n# This output is used by Xcode 'outputs' to avoid re-running this script phase.\necho \"SUCCESS\" > \"${SCRIPT_OUTPUT_FILE_0}\"\n";
			showEnvVarsInLog = 0;
		};
/* End PBXShellScriptBuildPhase section */

/* Begin PBXSourcesBuildPhase section */
		31D1613F21F8D20B00DE7A5E /* Sources */ = {
			isa = PBXSourcesBuildPhase;
			buildActionMask = 2147483647;
			files = (
				31875CC5221F38EA009C3E3C /* APIHelper.swift in Sources */,
				31D1614921F8D20B00DE7A5E /* ViewController.swift in Sources */,
				31D1614721F8D20B00DE7A5E /* AppDelegate.swift in Sources */,
				31875CC3221E4DA1009C3E3C /* rollcall.xcdatamodeld in Sources */,
				31BE12282200CBC200666475 /* HomeViewController.swift in Sources */,
				31BE122B2202040E00666475 /* RegisterViewController.swift in Sources */,
			);
			runOnlyForDeploymentPostprocessing = 0;
		};
/* End PBXSourcesBuildPhase section */

/* Begin PBXVariantGroup section */
		31D1614A21F8D20B00DE7A5E /* Main.storyboard */ = {
			isa = PBXVariantGroup;
			children = (
				31D1614B21F8D20B00DE7A5E /* Base */,
			);
			name = Main.storyboard;
			sourceTree = "<group>";
		};
		31D1614F21F8D21100DE7A5E /* LaunchScreen.storyboard */ = {
			isa = PBXVariantGroup;
			children = (
				31D1615021F8D21100DE7A5E /* Base */,
			);
			name = LaunchScreen.storyboard;
			sourceTree = "<group>";
		};
/* End PBXVariantGroup section */

/* Begin XCBuildConfiguration section */
		31D1615321F8D21100DE7A5E /* Debug */ = {
			isa = XCBuildConfiguration;
			buildSettings = {
				ALWAYS_SEARCH_USER_PATHS = NO;
				CLANG_ANALYZER_NONNULL = YES;
				CLANG_ANALYZER_NUMBER_OBJECT_CONVERSION = YES_AGGRESSIVE;
				CLANG_CXX_LANGUAGE_STANDARD = "gnu++14";
				CLANG_CXX_LIBRARY = "libc++";
				CLANG_ENABLE_MODULES = YES;
				CLANG_ENABLE_OBJC_ARC = YES;
				CLANG_ENABLE_OBJC_WEAK = YES;
				CLANG_WARN_BLOCK_CAPTURE_AUTORELEASING = YES;
				CLANG_WARN_BOOL_CONVERSION = YES;
				CLANG_WARN_COMMA = YES;
				CLANG_WARN_CONSTANT_CONVERSION = YES;
				CLANG_WARN_DEPRECATED_OBJC_IMPLEMENTATIONS = YES;
				CLANG_WARN_DIRECT_OBJC_ISA_USAGE = YES_ERROR;
				CLANG_WARN_DOCUMENTATION_COMMENTS = YES;
				CLANG_WARN_EMPTY_BODY = YES;
				CLANG_WARN_ENUM_CONVERSION = YES;
				CLANG_WARN_INFINITE_RECURSION = YES;
				CLANG_WARN_INT_CONVERSION = YES;
				CLANG_WARN_NON_LITERAL_NULL_CONVERSION = YES;
				CLANG_WARN_OBJC_IMPLICIT_RETAIN_SELF = YES;
				CLANG_WARN_OBJC_LITERAL_CONVERSION = YES;
				CLANG_WARN_OBJC_ROOT_CLASS = YES_ERROR;
				CLANG_WARN_RANGE_LOOP_ANALYSIS = YES;
				CLANG_WARN_STRICT_PROTOTYPES = YES;
				CLANG_WARN_SUSPICIOUS_MOVE = YES;
				CLANG_WARN_UNGUARDED_AVAILABILITY = YES_AGGRESSIVE;
				CLANG_WARN_UNREACHABLE_CODE = YES;
				CLANG_WARN__DUPLICATE_METHOD_MATCH = YES;
				CODE_SIGN_IDENTITY = "iPhone Developer";
				COPY_PHASE_STRIP = NO;
				DEBUG_INFORMATION_FORMAT = dwarf;
				ENABLE_STRICT_OBJC_MSGSEND = YES;
				ENABLE_TESTABILITY = YES;
				GCC_C_LANGUAGE_STANDARD = gnu11;
				GCC_DYNAMIC_NO_PIC = NO;
				GCC_NO_COMMON_BLOCKS = YES;
				GCC_OPTIMIZATION_LEVEL = 0;
				GCC_PREPROCESSOR_DEFINITIONS = (
					"DEBUG=1",
					"$(inherited)",
				);
				GCC_WARN_64_TO_32_BIT_CONVERSION = YES;
				GCC_WARN_ABOUT_RETURN_TYPE = YES_ERROR;
				GCC_WARN_UNDECLARED_SELECTOR = YES;
				GCC_WARN_UNINITIALIZED_AUTOS = YES_AGGRESSIVE;
				GCC_WARN_UNUSED_FUNCTION = YES;
				GCC_WARN_UNUSED_VARIABLE = YES;
				IPHONEOS_DEPLOYMENT_TARGET = 12.1;
				MTL_ENABLE_DEBUG_INFO = INCLUDE_SOURCE;
				MTL_FAST_MATH = YES;
				ONLY_ACTIVE_ARCH = YES;
				SDKROOT = iphoneos;
				SWIFT_ACTIVE_COMPILATION_CONDITIONS = DEBUG;
				SWIFT_OPTIMIZATION_LEVEL = "-Onone";
			};
			name = Debug;
		};
		31D1615421F8D21100DE7A5E /* Release */ = {
			isa = XCBuildConfiguration;
			buildSettings = {
				ALWAYS_SEARCH_USER_PATHS = NO;
				CLANG_ANALYZER_NONNULL = YES;
				CLANG_ANALYZER_NUMBER_OBJECT_CONVERSION = YES_AGGRESSIVE;
				CLANG_CXX_LANGUAGE_STANDARD = "gnu++14";
				CLANG_CXX_LIBRARY = "libc++";
				CLANG_ENABLE_MODULES = YES;
				CLANG_ENABLE_OBJC_ARC = YES;
				CLANG_ENABLE_OBJC_WEAK = YES;
				CLANG_WARN_BLOCK_CAPTURE_AUTORELEASING = YES;
				CLANG_WARN_BOOL_CONVERSION = YES;
				CLANG_WARN_COMMA = YES;
				CLANG_WARN_CONSTANT_CONVERSION = YES;
				CLANG_WARN_DEPRECATED_OBJC_IMPLEMENTATIONS = YES;
				CLANG_WARN_DIRECT_OBJC_ISA_USAGE = YES_ERROR;
				CLANG_WARN_DOCUMENTATION_COMMENTS = YES;
				CLANG_WARN_EMPTY_BODY = YES;
				CLANG_WARN_ENUM_CONVERSION = YES;
				CLANG_WARN_INFINITE_RECURSION = YES;
				CLANG_WARN_INT_CONVERSION = YES;
				CLANG_WARN_NON_LITERAL_NULL_CONVERSION = YES;
				CLANG_WARN_OBJC_IMPLICIT_RETAIN_SELF = YES;
				CLANG_WARN_OBJC_LITERAL_CONVERSION = YES;
				CLANG_WARN_OBJC_ROOT_CLASS = YES_ERROR;
				CLANG_WARN_RANGE_LOOP_ANALYSIS = YES;
				CLANG_WARN_STRICT_PROTOTYPES = YES;
				CLANG_WARN_SUSPICIOUS_MOVE = YES;
				CLANG_WARN_UNGUARDED_AVAILABILITY = YES_AGGRESSIVE;
				CLANG_WARN_UNREACHABLE_CODE = YES;
				CLANG_WARN__DUPLICATE_METHOD_MATCH = YES;
				CODE_SIGN_IDENTITY = "iPhone Developer";
				COPY_PHASE_STRIP = NO;
				DEBUG_INFORMATION_FORMAT = "dwarf-with-dsym";
				ENABLE_NS_ASSERTIONS = NO;
				ENABLE_STRICT_OBJC_MSGSEND = YES;
				GCC_C_LANGUAGE_STANDARD = gnu11;
				GCC_NO_COMMON_BLOCKS = YES;
				GCC_WARN_64_TO_32_BIT_CONVERSION = YES;
				GCC_WARN_ABOUT_RETURN_TYPE = YES_ERROR;
				GCC_WARN_UNDECLARED_SELECTOR = YES;
				GCC_WARN_UNINITIALIZED_AUTOS = YES_AGGRESSIVE;
				GCC_WARN_UNUSED_FUNCTION = YES;
				GCC_WARN_UNUSED_VARIABLE = YES;
				IPHONEOS_DEPLOYMENT_TARGET = 12.1;
				MTL_ENABLE_DEBUG_INFO = NO;
				MTL_FAST_MATH = YES;
				SDKROOT = iphoneos;
				SWIFT_COMPILATION_MODE = wholemodule;
				SWIFT_OPTIMIZATION_LEVEL = "-O";
				VALIDATE_PRODUCT = YES;
			};
			name = Release;
		};
		31D1615621F8D21100DE7A5E /* Debug */ = {
			isa = XCBuildConfiguration;
			baseConfigurationReference = 1F948D982CB1A9D55706D56C /* Pods-rollcall.debug.xcconfig */;
			buildSettings = {
				ASSETCATALOG_COMPILER_APPICON_NAME = AppIcon;
				CODE_SIGN_STYLE = Automatic;
				DEVELOPMENT_TEAM = FMKC8L888F;
				INFOPLIST_FILE = rollcall/Info.plist;
				LD_RUNPATH_SEARCH_PATHS = (
					"$(inherited)",
					"@executable_path/Frameworks",
				);
				PRODUCT_BUNDLE_IDENTIFIER = seniorproject.rollcall;
				PRODUCT_NAME = "$(TARGET_NAME)";
				SWIFT_VERSION = 4.2;
				TARGETED_DEVICE_FAMILY = "1,2";
			};
			name = Debug;
		};
		31D1615721F8D21100DE7A5E /* Release */ = {
			isa = XCBuildConfiguration;
			baseConfigurationReference = 4917793ADFA2BF55164FC1A2 /* Pods-rollcall.release.xcconfig */;
			buildSettings = {
				ASSETCATALOG_COMPILER_APPICON_NAME = AppIcon;
				CODE_SIGN_STYLE = Automatic;
				DEVELOPMENT_TEAM = FMKC8L888F;
				INFOPLIST_FILE = rollcall/Info.plist;
				LD_RUNPATH_SEARCH_PATHS = (
					"$(inherited)",
					"@executable_path/Frameworks",
				);
				PRODUCT_BUNDLE_IDENTIFIER = seniorproject.rollcall;
				PRODUCT_NAME = "$(TARGET_NAME)";
				SWIFT_VERSION = 4.2;
				TARGETED_DEVICE_FAMILY = "1,2";
			};
			name = Release;
		};
/* End XCBuildConfiguration section */

/* Begin XCConfigurationList section */
		31D1613E21F8D20B00DE7A5E /* Build configuration list for PBXProject "rollcall" */ = {
			isa = XCConfigurationList;
			buildConfigurations = (
				31D1615321F8D21100DE7A5E /* Debug */,
				31D1615421F8D21100DE7A5E /* Release */,
			);
			defaultConfigurationIsVisible = 0;
			defaultConfigurationName = Release;
		};
		31D1615521F8D21100DE7A5E /* Build configuration list for PBXNativeTarget "rollcall" */ = {
			isa = XCConfigurationList;
			buildConfigurations = (
				31D1615621F8D21100DE7A5E /* Debug */,
				31D1615721F8D21100DE7A5E /* Release */,
			);
			defaultConfigurationIsVisible = 0;
			defaultConfigurationName = Release;
		};
/* End XCConfigurationList section */

/* Begin XCVersionGroup section */
		31875CC1221E4DA1009C3E3C /* rollcall.xcdatamodeld */ = {
			isa = XCVersionGroup;
			children = (
				31875CC2221E4DA1009C3E3C /* rollcall.xcdatamodel */,
			);
			currentVersion = 31875CC2221E4DA1009C3E3C /* rollcall.xcdatamodel */;
			path = rollcall.xcdatamodeld;
			sourceTree = "<group>";
			versionGroupType = wrapper.xcdatamodel;
		};
/* End XCVersionGroup section */
	};
	rootObject = 31D1613B21F8D20B00DE7A5E /* Project object */;
}
